// !$*UTF8*$!
{
	archiveVersion = 1;
	classes = {
	};
	objectVersion = 50;
	objects = {

/* Begin PBXBuildFile section */
		0820DA1C25BAB169006758BE /* RowItem.swift in Sources */ = {isa = PBXBuildFile; fileRef = 0820DA1B25BAB169006758BE /* RowItem.swift */; };
		0820DA4425BCFFD6006758BE /* DataLoader.swift in Sources */ = {isa = PBXBuildFile; fileRef = 0820DA4325BCFFD6006758BE /* DataLoader.swift */; };
		0837BAB225CE5FFE004E9A44 /* PlayfairDisplay-Italic-VariableFont_wght.ttf in Resources */ = {isa = PBXBuildFile; fileRef = 0837BAAE25CE5FC7004E9A44 /* PlayfairDisplay-Italic-VariableFont_wght.ttf */; };
		0837BAB425CE6000004E9A44 /* PlayfairDisplay-VariableFont_wght.ttf in Resources */ = {isa = PBXBuildFile; fileRef = 0837BAAF25CE5FC7004E9A44 /* PlayfairDisplay-VariableFont_wght.ttf */; };
		0837BAB625CE6002004E9A44 /* ProximaNova-Regular.otf in Resources */ = {isa = PBXBuildFile; fileRef = 0837BAB125CE5FD8004E9A44 /* ProximaNova-Regular.otf */; };
		0837BABC25CE627A004E9A44 /* InfoViewController.swift in Sources */ = {isa = PBXBuildFile; fileRef = 0837BABB25CE627A004E9A44 /* InfoViewController.swift */; };
		0837BAC725CE77E1004E9A44 /* LearnTableViewCell.swift in Sources */ = {isa = PBXBuildFile; fileRef = 0837BAC525CE77E1004E9A44 /* LearnTableViewCell.swift */; };
		0837BAC825CE77E1004E9A44 /* LearnTableViewCell.xib in Resources */ = {isa = PBXBuildFile; fileRef = 0837BAC625CE77E1004E9A44 /* LearnTableViewCell.xib */; };
		0837BACC25CE7BA9004E9A44 /* CategoryCollectionViewCell.swift in Sources */ = {isa = PBXBuildFile; fileRef = 0837BACA25CE7BA9004E9A44 /* CategoryCollectionViewCell.swift */; };
		0837BACD25CE7BA9004E9A44 /* CategoryCollectionViewCell.xib in Resources */ = {isa = PBXBuildFile; fileRef = 0837BACB25CE7BA9004E9A44 /* CategoryCollectionViewCell.xib */; };
		0837BAD225CE96A3004E9A44 /* Assets.xcassets in Resources */ = {isa = PBXBuildFile; fileRef = 0837BAD125CE96A3004E9A44 /* Assets.xcassets */; };
		0837BAD525CFD13B004E9A44 /* FlashcardsViewController.swift in Sources */ = {isa = PBXBuildFile; fileRef = 0837BAD425CFD13B004E9A44 /* FlashcardsViewController.swift */; };
		08777E0725BF5E3900E2725B /* DictionaryViewController.swift in Sources */ = {isa = PBXBuildFile; fileRef = 08777E0625BF5E3900E2725B /* DictionaryViewController.swift */; };
		08777E0C25BF71B100E2725B /* DataTableViewCell.swift in Sources */ = {isa = PBXBuildFile; fileRef = 08777E0A25BF71B100E2725B /* DataTableViewCell.swift */; };
		08777E0D25BF71B100E2725B /* DataTableViewCell.xib in Resources */ = {isa = PBXBuildFile; fileRef = 08777E0B25BF71B100E2725B /* DataTableViewCell.xib */; };
		0891C36625C8B4B000A002BB /* numbersData.json in Resources */ = {isa = PBXBuildFile; fileRef = 0891C2FD25C8B4B000A002BB /* numbersData.json */; };
		0891C36725C8B4B000A002BB /* flashcardsData.json in Resources */ = {isa = PBXBuildFile; fileRef = 0891C2FE25C8B4B000A002BB /* flashcardsData.json */; };
		0891C36825C8B4B000A002BB /* bist o se.m4a in Resources */ = {isa = PBXBuildFile; fileRef = 0891C30125C8B4B000A002BB /* bist o se.m4a */; };
		0891C36925C8B4B000A002BB /* dou.m4a in Resources */ = {isa = PBXBuildFile; fileRef = 0891C30225C8B4B000A002BB /* dou.m4a */; };
		0891C36A25C8B4B000A002BB /* sad.m4a in Resources */ = {isa = PBXBuildFile; fileRef = 0891C30325C8B4B000A002BB /* sad.m4a */; };
		0891C36B25C8B4B000A002BB /* dah.m4a in Resources */ = {isa = PBXBuildFile; fileRef = 0891C30425C8B4B000A002BB /* dah.m4a */; };
		0891C36C25C8B4B000A002BB /* noh.m4a in Resources */ = {isa = PBXBuildFile; fileRef = 0891C30525C8B4B000A002BB /* noh.m4a */; };
		0891C36D25C8B4B000A002BB /* chahar.m4a in Resources */ = {isa = PBXBuildFile; fileRef = 0891C30625C8B4B000A002BB /* chahar.m4a */; };
		0891C36E25C8B4B000A002BB /* bist o yak.m4a in Resources */ = {isa = PBXBuildFile; fileRef = 0891C30725C8B4B000A002BB /* bist o yak.m4a */; };
		0891C36F25C8B4B000A002BB /* hashst.m4a in Resources */ = {isa = PBXBuildFile; fileRef = 0891C30825C8B4B000A002BB /* hashst.m4a */; };
		0891C37025C8B4B000A002BB /* panjah.m4a in Resources */ = {isa = PBXBuildFile; fileRef = 0891C30925C8B4B000A002BB /* panjah.m4a */; };
		0891C37125C8B4B000A002BB /* bist o dou.m4a in Resources */ = {isa = PBXBuildFile; fileRef = 0891C30A25C8B4B000A002BB /* bist o dou.m4a */; };
		0891C37225C8B4B000A002BB /* shanzdah.m4a in Resources */ = {isa = PBXBuildFile; fileRef = 0891C30B25C8B4B000A002BB /* shanzdah.m4a */; };
		0891C37325C8B4B000A002BB /* bist o noh.m4a in Resources */ = {isa = PBXBuildFile; fileRef = 0891C30C25C8B4B000A002BB /* bist o noh.m4a */; };
		0891C37425C8B4B000A002BB /* chehel.m4a in Resources */ = {isa = PBXBuildFile; fileRef = 0891C30D25C8B4B000A002BB /* chehel.m4a */; };
		0891C37525C8B4B000A002BB /* yak.m4a in Resources */ = {isa = PBXBuildFile; fileRef = 0891C30E25C8B4B000A002BB /* yak.m4a */; };
		0891C37625C8B4B000A002BB /* shash.m4a in Resources */ = {isa = PBXBuildFile; fileRef = 0891C30F25C8B4B000A002BB /* shash.m4a */; };
		0891C37725C8B4B000A002BB /* nozdah.m4a in Resources */ = {isa = PBXBuildFile; fileRef = 0891C31025C8B4B000A002BB /* nozdah.m4a */; };
		0891C37825C8B4B000A002BB /* se.m4a in Resources */ = {isa = PBXBuildFile; fileRef = 0891C31125C8B4B000A002BB /* se.m4a */; };
		0891C37925C8B4B000A002BB /* sefr.m4a in Resources */ = {isa = PBXBuildFile; fileRef = 0891C31225C8B4B000A002BB /* sefr.m4a */; };
		0891C37A25C8B4B000A002BB /* chahardah.m4a in Resources */ = {isa = PBXBuildFile; fileRef = 0891C31325C8B4B000A002BB /* chahardah.m4a */; };
		0891C37B25C8B4B000A002BB /* bist o shash.m4a in Resources */ = {isa = PBXBuildFile; fileRef = 0891C31425C8B4B000A002BB /* bist o shash.m4a */; };
		0891C37C25C8B4B000A002BB /* sizdah.m4a in Resources */ = {isa = PBXBuildFile; fileRef = 0891C31525C8B4B000A002BB /* sizdah.m4a */; };
		0891C37D25C8B4B000A002BB /* bist.m4a in Resources */ = {isa = PBXBuildFile; fileRef = 0891C31625C8B4B000A002BB /* bist.m4a */; };
		0891C37E25C8B4B000A002BB /* bist o panj.m4a in Resources */ = {isa = PBXBuildFile; fileRef = 0891C31725C8B4B000A002BB /* bist o panj.m4a */; };
		0891C37F25C8B4B000A002BB /* bist o chahar.m4a in Resources */ = {isa = PBXBuildFile; fileRef = 0891C31825C8B4B000A002BB /* bist o chahar.m4a */; };
		0891C38025C8B4B000A002BB /* shast.m4a in Resources */ = {isa = PBXBuildFile; fileRef = 0891C31925C8B4B000A002BB /* shast.m4a */; };
		0891C38125C8B4B000A002BB /* havdah.m4a in Resources */ = {isa = PBXBuildFile; fileRef = 0891C31A25C8B4B000A002BB /* havdah.m4a */; };
		0891C38225C8B4B000A002BB /* panj.m4a in Resources */ = {isa = PBXBuildFile; fileRef = 0891C31B25C8B4B000A002BB /* panj.m4a */; };
		0891C38325C8B4B000A002BB /* nawad.m4a in Resources */ = {isa = PBXBuildFile; fileRef = 0891C31C25C8B4B000A002BB /* nawad.m4a */; };
		0891C38425C8B4B000A002BB /* haftad.m4a in Resources */ = {isa = PBXBuildFile; fileRef = 0891C31D25C8B4B000A002BB /* haftad.m4a */; };
		0891C38525C8B4B000A002BB /* bist o hasht.m4a in Resources */ = {isa = PBXBuildFile; fileRef = 0891C31E25C8B4B000A002BB /* bist o hasht.m4a */; };
		0891C38625C8B4B000A002BB /* si.m4a in Resources */ = {isa = PBXBuildFile; fileRef = 0891C31F25C8B4B000A002BB /* si.m4a */; };
		0891C38725C8B4B000A002BB /* bist o haft.m4a in Resources */ = {isa = PBXBuildFile; fileRef = 0891C32025C8B4B000A002BB /* bist o haft.m4a */; };
		0891C38825C8B4B000A002BB /* hajdah.m4a in Resources */ = {isa = PBXBuildFile; fileRef = 0891C32125C8B4B000A002BB /* hajdah.m4a */; };
		0891C38925C8B4B000A002BB /* yazdeh.m4a in Resources */ = {isa = PBXBuildFile; fileRef = 0891C32225C8B4B000A002BB /* yazdeh.m4a */; };
		0891C38A25C8B4B000A002BB /* panzdah.m4a in Resources */ = {isa = PBXBuildFile; fileRef = 0891C32325C8B4B000A002BB /* panzdah.m4a */; };
		0891C38B25C8B4B000A002BB /* dowazdah.m4a in Resources */ = {isa = PBXBuildFile; fileRef = 0891C32425C8B4B000A002BB /* dowazdah.m4a */; };
		0891C38C25C8B4B000A002BB /* haft.m4a in Resources */ = {isa = PBXBuildFile; fileRef = 0891C32525C8B4B000A002BB /* haft.m4a */; };
		0891C38D25C8B4B000A002BB /* hashtad.m4a in Resources */ = {isa = PBXBuildFile; fileRef = 0891C32625C8B4B000A002BB /* hashtad.m4a */; };
		0891C38E25C8B4B000A002BB /* Shab bakhir.m4a in Resources */ = {isa = PBXBuildFile; fileRef = 0891C32825C8B4B000A002BB /* Shab bakhir.m4a */; };
		0891C38F25C8B4B000A002BB /* Sobh bakhir.m4a in Resources */ = {isa = PBXBuildFile; fileRef = 0891C32925C8B4B000A002BB /* Sobh bakhir.m4a */; };
		0891C39025C8B4B000A002BB /* Asalaam alaikum.m4a in Resources */ = {isa = PBXBuildFile; fileRef = 0891C32A25C8B4B000A002BB /* Asalaam alaikum.m4a */; };
		0891C39125C8B4B000A002BB /* Khob astum.m4a in Resources */ = {isa = PBXBuildFile; fileRef = 0891C32B25C8B4B000A002BB /* Khob astum.m4a */; };
		0891C39225C8B4B000A002BB /* Tashakor.m4a in Resources */ = {isa = PBXBuildFile; fileRef = 0891C32C25C8B4B000A002BB /* Tashakor.m4a */; };
		0891C39325C8B4B000A002BB /* Khuda hafez.m4a in Resources */ = {isa = PBXBuildFile; fileRef = 0891C32D25C8B4B000A002BB /* Khuda hafez.m4a */; };
		0891C39425C8B4B000A002BB /* Az kaja hasted?.m4a in Resources */ = {isa = PBXBuildFile; fileRef = 0891C32E25C8B4B000A002BB /* Az kaja hasted?.m4a */; };
		0891C39525C8B4B000A002BB /* Chast bakhir.m4a in Resources */ = {isa = PBXBuildFile; fileRef = 0891C32F25C8B4B000A002BB /* Chast bakhir.m4a */; };
		0891C39625C8B4B000A002BB /* Chetor asten?.m4a in Resources */ = {isa = PBXBuildFile; fileRef = 0891C33025C8B4B000A002BB /* Chetor asten?.m4a */; };
		0891C39725C8B4B000A002BB /* Nametan cist?.m4a in Resources */ = {isa = PBXBuildFile; fileRef = 0891C33125C8B4B000A002BB /* Nametan cist?.m4a */; };
		0891C39825C8B4B000A002BB /* laam.m4a in Resources */ = {isa = PBXBuildFile; fileRef = 0891C33325C8B4B000A002BB /* laam.m4a */; };
		0891C39925C8B4B000A002BB /* bay.m4a in Resources */ = {isa = PBXBuildFile; fileRef = 0891C33425C8B4B000A002BB /* bay.m4a */; };
		0891C39A25C8B4B000A002BB /* kaaf.m4a in Resources */ = {isa = PBXBuildFile; fileRef = 0891C33525C8B4B000A002BB /* kaaf.m4a */; };
		0891C39B25C8B4B000A002BB /* gaaf.m4a in Resources */ = {isa = PBXBuildFile; fileRef = 0891C33625C8B4B000A002BB /* gaaf.m4a */; };
		0891C39C25C8B4B100A002BB /* noon.m4a in Resources */ = {isa = PBXBuildFile; fileRef = 0891C33725C8B4B000A002BB /* noon.m4a */; };
		0891C39D25C8B4B100A002BB /* qaaf.m4a in Resources */ = {isa = PBXBuildFile; fileRef = 0891C33825C8B4B000A002BB /* qaaf.m4a */; };
		0891C39E25C8B4B100A002BB /* chay.m4a in Resources */ = {isa = PBXBuildFile; fileRef = 0891C33925C8B4B000A002BB /* chay.m4a */; };
		0891C39F25C8B4B100A002BB /* zaal.m4a in Resources */ = {isa = PBXBuildFile; fileRef = 0891C33A25C8B4B000A002BB /* zaal.m4a */; };
		0891C3A025C8B4B100A002BB /* meem.m4a in Resources */ = {isa = PBXBuildFile; fileRef = 0891C33B25C8B4B000A002BB /* meem.m4a */; };
		0891C3A125C8B4B100A002BB /* zay.m4a in Resources */ = {isa = PBXBuildFile; fileRef = 0891C33C25C8B4B000A002BB /* zay.m4a */; };
		0891C3A225C8B4B100A002BB /* khay.m4a in Resources */ = {isa = PBXBuildFile; fileRef = 0891C33D25C8B4B000A002BB /* khay.m4a */; };
		0891C3A325C8B4B100A002BB /* fe.m4a in Resources */ = {isa = PBXBuildFile; fileRef = 0891C33E25C8B4B000A002BB /* fe.m4a */; };
		0891C3A425C8B4B100A002BB /* suwaat.m4a in Resources */ = {isa = PBXBuildFile; fileRef = 0891C33F25C8B4B000A002BB /* suwaat.m4a */; };
		0891C3A525C8B4B100A002BB /* daal.m4a in Resources */ = {isa = PBXBuildFile; fileRef = 0891C34025C8B4B000A002BB /* daal.m4a */; };
		0891C3A625C8B4B100A002BB /* alef.m4a in Resources */ = {isa = PBXBuildFile; fileRef = 0891C34125C8B4B000A002BB /* alef.m4a */; };
		0891C3A725C8B4B100A002BB /* toy.m4a in Resources */ = {isa = PBXBuildFile; fileRef = 0891C34225C8B4B000A002BB /* toy.m4a */; };
		0891C3A825C8B4B100A002BB /* seen.m4a in Resources */ = {isa = PBXBuildFile; fileRef = 0891C34325C8B4B000A002BB /* seen.m4a */; };
		0891C3A925C8B4B100A002BB /* ray.m4a in Resources */ = {isa = PBXBuildFile; fileRef = 0891C34425C8B4B000A002BB /* ray.m4a */; };
		0891C3AA25C8B4B100A002BB /* hay2.m4a in Resources */ = {isa = PBXBuildFile; fileRef = 0891C34525C8B4B000A002BB /* hay2.m4a */; };
		0891C3AB25C8B4B100A002BB /* thay.m4a in Resources */ = {isa = PBXBuildFile; fileRef = 0891C34625C8B4B000A002BB /* thay.m4a */; };
		0891C3AC25C8B4B100A002BB /* zoy.m4a in Resources */ = {isa = PBXBuildFile; fileRef = 0891C34725C8B4B000A002BB /* zoy.m4a */; };
		0891C3AD25C8B4B100A002BB /* pay.m4a in Resources */ = {isa = PBXBuildFile; fileRef = 0891C34825C8B4B000A002BB /* pay.m4a */; };
		0891C3AE25C8B4B100A002BB /* sheen.m4a in Resources */ = {isa = PBXBuildFile; fileRef = 0891C34925C8B4B000A002BB /* sheen.m4a */; };
		0891C3AF25C8B4B100A002BB /* tay.m4a in Resources */ = {isa = PBXBuildFile; fileRef = 0891C34A25C8B4B000A002BB /* tay.m4a */; };
		0891C3B025C8B4B100A002BB /* zhay.m4a in Resources */ = {isa = PBXBuildFile; fileRef = 0891C34B25C8B4B000A002BB /* zhay.m4a */; };
		0891C3B125C8B4B100A002BB /* ghain.m4a in Resources */ = {isa = PBXBuildFile; fileRef = 0891C34C25C8B4B000A002BB /* ghain.m4a */; };
		0891C3B225C8B4B100A002BB /* ain.m4a in Resources */ = {isa = PBXBuildFile; fileRef = 0891C34D25C8B4B000A002BB /* ain.m4a */; };
		0891C3B325C8B4B100A002BB /* hay.m4a in Resources */ = {isa = PBXBuildFile; fileRef = 0891C34E25C8B4B000A002BB /* hay.m4a */; };
		0891C3B425C8B4B100A002BB /* wow.m4a in Resources */ = {isa = PBXBuildFile; fileRef = 0891C34F25C8B4B000A002BB /* wow.m4a */; };
		0891C3B525C8B4B100A002BB /* yaa.m4a in Resources */ = {isa = PBXBuildFile; fileRef = 0891C35025C8B4B000A002BB /* yaa.m4a */; };
		0891C3B625C8B4B100A002BB /* jeem.m4a in Resources */ = {isa = PBXBuildFile; fileRef = 0891C35125C8B4B000A002BB /* jeem.m4a */; };
		0891C3B725C8B4B100A002BB /* zuwaat.m4a in Resources */ = {isa = PBXBuildFile; fileRef = 0891C35225C8B4B000A002BB /* zuwaat.m4a */; };
		0891C3B825C8B4B100A002BB /* ma.m4a in Resources */ = {isa = PBXBuildFile; fileRef = 0891C35425C8B4B000A002BB /* ma.m4a */; };
		0891C3B925C8B4B100A002BB /* shuma.m4a in Resources */ = {isa = PBXBuildFile; fileRef = 0891C35525C8B4B000A002BB /* shuma.m4a */; };
		0891C3BA25C8B4B100A002BB /* anha.m4a in Resources */ = {isa = PBXBuildFile; fileRef = 0891C35625C8B4B000A002BB /* anha.m4a */; };
		0891C3BB25C8B4B100A002BB /* man.m4a in Resources */ = {isa = PBXBuildFile; fileRef = 0891C35725C8B4B000A002BB /* man.m4a */; };
		0891C3BC25C8B4B100A002BB /* ao.m4a in Resources */ = {isa = PBXBuildFile; fileRef = 0891C35825C8B4B000A002BB /* ao.m4a */; };
		0891C3BD25C8B4B100A002BB /* to.m4a in Resources */ = {isa = PBXBuildFile; fileRef = 0891C35925C8B4B000A002BB /* to.m4a */; };
		0891C3BE25C8B4B100A002BB /* juma.m4a in Resources */ = {isa = PBXBuildFile; fileRef = 0891C35B25C8B4B000A002BB /* juma.m4a */; };
		0891C3BF25C8B4B100A002BB /* yakshanbeh.m4a in Resources */ = {isa = PBXBuildFile; fileRef = 0891C35C25C8B4B000A002BB /* yakshanbeh.m4a */; };
		0891C3C025C8B4B100A002BB /* charshanbeh.m4a in Resources */ = {isa = PBXBuildFile; fileRef = 0891C35D25C8B4B000A002BB /* charshanbeh.m4a */; };
		0891C3C125C8B4B100A002BB /* doshanbeh.m4a in Resources */ = {isa = PBXBuildFile; fileRef = 0891C35E25C8B4B000A002BB /* doshanbeh.m4a */; };
		0891C3C225C8B4B100A002BB /* shanbeh.m4a in Resources */ = {isa = PBXBuildFile; fileRef = 0891C35F25C8B4B000A002BB /* shanbeh.m4a */; };
		0891C3C325C8B4B100A002BB /* seshanbeh.m4a in Resources */ = {isa = PBXBuildFile; fileRef = 0891C36025C8B4B000A002BB /* seshanbeh.m4a */; };
		0891C3C425C8B4B100A002BB /* panjshanbeh.m4a in Resources */ = {isa = PBXBuildFile; fileRef = 0891C36125C8B4B000A002BB /* panjshanbeh.m4a */; };
		0891C3C525C8B4B100A002BB /* alphabetData.json in Resources */ = {isa = PBXBuildFile; fileRef = 0891C36225C8B4B000A002BB /* alphabetData.json */; };
		0891C3C625C8B4B100A002BB /* daysData.json in Resources */ = {isa = PBXBuildFile; fileRef = 0891C36325C8B4B000A002BB /* daysData.json */; };
		0891C3C725C8B4B100A002BB /* greetingsData.json in Resources */ = {isa = PBXBuildFile; fileRef = 0891C36425C8B4B000A002BB /* greetingsData.json */; };
		0891C3C825C8B4B100A002BB /* pronounsData.json in Resources */ = {isa = PBXBuildFile; fileRef = 0891C36525C8B4B000A002BB /* pronounsData.json */; };
		0891C3CC25C8B59100A002BB /* ageData.json in Resources */ = {isa = PBXBuildFile; fileRef = 0891C3CB25C8B59100A002BB /* ageData.json */; };
		0891C3CF25C8B59900A002BB /* occupationsData.json in Resources */ = {isa = PBXBuildFile; fileRef = 0891C3CE25C8B59900A002BB /* occupationsData.json */; };
		0891C3D425C8B5EE00A002BB /* nounsData.json in Resources */ = {isa = PBXBuildFile; fileRef = 0891C3D125C8B5EE00A002BB /* nounsData.json */; };
		0891C3D525C8B5EE00A002BB /* tellingtimeData.json in Resources */ = {isa = PBXBuildFile; fileRef = 0891C3D225C8B5EE00A002BB /* tellingtimeData.json */; };
		0891C3D625C8B5EE00A002BB /* verbsData.json in Resources */ = {isa = PBXBuildFile; fileRef = 0891C3D325C8B5EE00A002BB /* verbsData.json */; };
		0891C3D925C8B5F300A002BB /* monthsData.json in Resources */ = {isa = PBXBuildFile; fileRef = 0891C3D825C8B5F300A002BB /* monthsData.json */; };
		0891C3DC25CA12E800A002BB /* ExpandableSections.swift in Sources */ = {isa = PBXBuildFile; fileRef = 0891C3DB25CA12E800A002BB /* ExpandableSections.swift */; };
		0891C3E025CB2A3F00A002BB /* PracticeViewController.swift in Sources */ = {isa = PBXBuildFile; fileRef = 0891C3DF25CB2A3F00A002BB /* PracticeViewController.swift */; };
		089316A125C3CB7A0027FD2F /* CategoryItem.swift in Sources */ = {isa = PBXBuildFile; fileRef = 089316A025C3CB7A0027FD2F /* CategoryItem.swift */; };
		089316A725C3CE120027FD2F /* FlashcardsDataLoader.swift in Sources */ = {isa = PBXBuildFile; fileRef = 089316A625C3CE120027FD2F /* FlashcardsDataLoader.swift */; };
		089316B225C497430027FD2F /* ViewController.swift in Sources */ = {isa = PBXBuildFile; fileRef = 089316B125C497430027FD2F /* ViewController.swift */; };
		08CA531425B63DFF00E8E778 /* AppDelegate.swift in Sources */ = {isa = PBXBuildFile; fileRef = 08CA531325B63DFF00E8E778 /* AppDelegate.swift */; };
		08CA531625B63DFF00E8E778 /* SceneDelegate.swift in Sources */ = {isa = PBXBuildFile; fileRef = 08CA531525B63DFF00E8E778 /* SceneDelegate.swift */; };
		08CA531B25B63DFF00E8E778 /* Main.storyboard in Resources */ = {isa = PBXBuildFile; fileRef = 08CA531925B63DFF00E8E778 /* Main.storyboard */; };
		08CA532025B63E0000E8E778 /* LaunchScreen.storyboard in Resources */ = {isa = PBXBuildFile; fileRef = 08CA531E25B63E0000E8E778 /* LaunchScreen.storyboard */; };
		08CA534925B644B500E8E778 /* Constants.swift in Sources */ = {isa = PBXBuildFile; fileRef = 08CA534825B644B500E8E778 /* Constants.swift */; };
		08CA535E25B6792500E8E778 /* LearnViewController.swift in Sources */ = {isa = PBXBuildFile; fileRef = 08CA535D25B6792500E8E778 /* LearnViewController.swift */; };
/* End PBXBuildFile section */

/* Begin PBXFileReference section */
		0820DA1B25BAB169006758BE /* RowItem.swift */ = {isa = PBXFileReference; lastKnownFileType = sourcecode.swift; path = RowItem.swift; sourceTree = "<group>"; };
		0820DA4325BCFFD6006758BE /* DataLoader.swift */ = {isa = PBXFileReference; lastKnownFileType = sourcecode.swift; path = DataLoader.swift; sourceTree = "<group>"; };
		0837BAAE25CE5FC7004E9A44 /* PlayfairDisplay-Italic-VariableFont_wght.ttf */ = {isa = PBXFileReference; lastKnownFileType = file; path = "PlayfairDisplay-Italic-VariableFont_wght.ttf"; sourceTree = "<group>"; };
		0837BAAF25CE5FC7004E9A44 /* PlayfairDisplay-VariableFont_wght.ttf */ = {isa = PBXFileReference; lastKnownFileType = file; path = "PlayfairDisplay-VariableFont_wght.ttf"; sourceTree = "<group>"; };
		0837BAB125CE5FD8004E9A44 /* ProximaNova-Regular.otf */ = {isa = PBXFileReference; lastKnownFileType = file; path = "ProximaNova-Regular.otf"; sourceTree = "<group>"; };
		0837BABB25CE627A004E9A44 /* InfoViewController.swift */ = {isa = PBXFileReference; lastKnownFileType = sourcecode.swift; path = InfoViewController.swift; sourceTree = "<group>"; };
		0837BAC525CE77E1004E9A44 /* LearnTableViewCell.swift */ = {isa = PBXFileReference; lastKnownFileType = sourcecode.swift; path = LearnTableViewCell.swift; sourceTree = "<group>"; };
		0837BAC625CE77E1004E9A44 /* LearnTableViewCell.xib */ = {isa = PBXFileReference; lastKnownFileType = file.xib; path = LearnTableViewCell.xib; sourceTree = "<group>"; };
		0837BACA25CE7BA9004E9A44 /* CategoryCollectionViewCell.swift */ = {isa = PBXFileReference; lastKnownFileType = sourcecode.swift; path = CategoryCollectionViewCell.swift; sourceTree = "<group>"; };
		0837BACB25CE7BA9004E9A44 /* CategoryCollectionViewCell.xib */ = {isa = PBXFileReference; lastKnownFileType = file.xib; path = CategoryCollectionViewCell.xib; sourceTree = "<group>"; };
		0837BAD125CE96A3004E9A44 /* Assets.xcassets */ = {isa = PBXFileReference; lastKnownFileType = folder.assetcatalog; path = Assets.xcassets; sourceTree = "<group>"; };
		0837BAD425CFD13B004E9A44 /* FlashcardsViewController.swift */ = {isa = PBXFileReference; lastKnownFileType = sourcecode.swift; path = FlashcardsViewController.swift; sourceTree = "<group>"; };
		08777E0625BF5E3900E2725B /* DictionaryViewController.swift */ = {isa = PBXFileReference; lastKnownFileType = sourcecode.swift; path = DictionaryViewController.swift; sourceTree = "<group>"; };
		08777E0A25BF71B100E2725B /* DataTableViewCell.swift */ = {isa = PBXFileReference; lastKnownFileType = sourcecode.swift; path = DataTableViewCell.swift; sourceTree = "<group>"; };
		08777E0B25BF71B100E2725B /* DataTableViewCell.xib */ = {isa = PBXFileReference; lastKnownFileType = file.xib; path = DataTableViewCell.xib; sourceTree = "<group>"; };
		0891C2FD25C8B4B000A002BB /* numbersData.json */ = {isa = PBXFileReference; fileEncoding = 4; lastKnownFileType = text.json; path = numbersData.json; sourceTree = "<group>"; };
		0891C2FE25C8B4B000A002BB /* flashcardsData.json */ = {isa = PBXFileReference; fileEncoding = 4; lastKnownFileType = text.json; path = flashcardsData.json; sourceTree = "<group>"; };
		0891C30125C8B4B000A002BB /* bist o se.m4a */ = {isa = PBXFileReference; lastKnownFileType = file; path = "bist o se.m4a"; sourceTree = "<group>"; };
		0891C30225C8B4B000A002BB /* dou.m4a */ = {isa = PBXFileReference; lastKnownFileType = file; path = dou.m4a; sourceTree = "<group>"; };
		0891C30325C8B4B000A002BB /* sad.m4a */ = {isa = PBXFileReference; lastKnownFileType = file; path = sad.m4a; sourceTree = "<group>"; };
		0891C30425C8B4B000A002BB /* dah.m4a */ = {isa = PBXFileReference; lastKnownFileType = file; path = dah.m4a; sourceTree = "<group>"; };
		0891C30525C8B4B000A002BB /* noh.m4a */ = {isa = PBXFileReference; lastKnownFileType = file; path = noh.m4a; sourceTree = "<group>"; };
		0891C30625C8B4B000A002BB /* chahar.m4a */ = {isa = PBXFileReference; lastKnownFileType = file; path = chahar.m4a; sourceTree = "<group>"; };
		0891C30725C8B4B000A002BB /* bist o yak.m4a */ = {isa = PBXFileReference; lastKnownFileType = file; path = "bist o yak.m4a"; sourceTree = "<group>"; };
		0891C30825C8B4B000A002BB /* hashst.m4a */ = {isa = PBXFileReference; lastKnownFileType = file; path = hashst.m4a; sourceTree = "<group>"; };
		0891C30925C8B4B000A002BB /* panjah.m4a */ = {isa = PBXFileReference; lastKnownFileType = file; path = panjah.m4a; sourceTree = "<group>"; };
		0891C30A25C8B4B000A002BB /* bist o dou.m4a */ = {isa = PBXFileReference; lastKnownFileType = file; path = "bist o dou.m4a"; sourceTree = "<group>"; };
		0891C30B25C8B4B000A002BB /* shanzdah.m4a */ = {isa = PBXFileReference; lastKnownFileType = file; path = shanzdah.m4a; sourceTree = "<group>"; };
		0891C30C25C8B4B000A002BB /* bist o noh.m4a */ = {isa = PBXFileReference; lastKnownFileType = file; path = "bist o noh.m4a"; sourceTree = "<group>"; };
		0891C30D25C8B4B000A002BB /* chehel.m4a */ = {isa = PBXFileReference; lastKnownFileType = file; path = chehel.m4a; sourceTree = "<group>"; };
		0891C30E25C8B4B000A002BB /* yak.m4a */ = {isa = PBXFileReference; lastKnownFileType = file; path = yak.m4a; sourceTree = "<group>"; };
		0891C30F25C8B4B000A002BB /* shash.m4a */ = {isa = PBXFileReference; lastKnownFileType = file; path = shash.m4a; sourceTree = "<group>"; };
		0891C31025C8B4B000A002BB /* nozdah.m4a */ = {isa = PBXFileReference; lastKnownFileType = file; path = nozdah.m4a; sourceTree = "<group>"; };
		0891C31125C8B4B000A002BB /* se.m4a */ = {isa = PBXFileReference; lastKnownFileType = file; path = se.m4a; sourceTree = "<group>"; };
		0891C31225C8B4B000A002BB /* sefr.m4a */ = {isa = PBXFileReference; lastKnownFileType = file; path = sefr.m4a; sourceTree = "<group>"; };
		0891C31325C8B4B000A002BB /* chahardah.m4a */ = {isa = PBXFileReference; lastKnownFileType = file; path = chahardah.m4a; sourceTree = "<group>"; };
		0891C31425C8B4B000A002BB /* bist o shash.m4a */ = {isa = PBXFileReference; lastKnownFileType = file; path = "bist o shash.m4a"; sourceTree = "<group>"; };
		0891C31525C8B4B000A002BB /* sizdah.m4a */ = {isa = PBXFileReference; lastKnownFileType = file; path = sizdah.m4a; sourceTree = "<group>"; };
		0891C31625C8B4B000A002BB /* bist.m4a */ = {isa = PBXFileReference; lastKnownFileType = file; path = bist.m4a; sourceTree = "<group>"; };
		0891C31725C8B4B000A002BB /* bist o panj.m4a */ = {isa = PBXFileReference; lastKnownFileType = file; path = "bist o panj.m4a"; sourceTree = "<group>"; };
		0891C31825C8B4B000A002BB /* bist o chahar.m4a */ = {isa = PBXFileReference; lastKnownFileType = file; path = "bist o chahar.m4a"; sourceTree = "<group>"; };
		0891C31925C8B4B000A002BB /* shast.m4a */ = {isa = PBXFileReference; lastKnownFileType = file; path = shast.m4a; sourceTree = "<group>"; };
		0891C31A25C8B4B000A002BB /* havdah.m4a */ = {isa = PBXFileReference; lastKnownFileType = file; path = havdah.m4a; sourceTree = "<group>"; };
		0891C31B25C8B4B000A002BB /* panj.m4a */ = {isa = PBXFileReference; lastKnownFileType = file; path = panj.m4a; sourceTree = "<group>"; };
		0891C31C25C8B4B000A002BB /* nawad.m4a */ = {isa = PBXFileReference; lastKnownFileType = file; path = nawad.m4a; sourceTree = "<group>"; };
		0891C31D25C8B4B000A002BB /* haftad.m4a */ = {isa = PBXFileReference; lastKnownFileType = file; path = haftad.m4a; sourceTree = "<group>"; };
		0891C31E25C8B4B000A002BB /* bist o hasht.m4a */ = {isa = PBXFileReference; lastKnownFileType = file; path = "bist o hasht.m4a"; sourceTree = "<group>"; };
		0891C31F25C8B4B000A002BB /* si.m4a */ = {isa = PBXFileReference; lastKnownFileType = file; path = si.m4a; sourceTree = "<group>"; };
		0891C32025C8B4B000A002BB /* bist o haft.m4a */ = {isa = PBXFileReference; lastKnownFileType = file; path = "bist o haft.m4a"; sourceTree = "<group>"; };
		0891C32125C8B4B000A002BB /* hajdah.m4a */ = {isa = PBXFileReference; lastKnownFileType = file; path = hajdah.m4a; sourceTree = "<group>"; };
		0891C32225C8B4B000A002BB /* yazdeh.m4a */ = {isa = PBXFileReference; lastKnownFileType = file; path = yazdeh.m4a; sourceTree = "<group>"; };
		0891C32325C8B4B000A002BB /* panzdah.m4a */ = {isa = PBXFileReference; lastKnownFileType = file; path = panzdah.m4a; sourceTree = "<group>"; };
		0891C32425C8B4B000A002BB /* dowazdah.m4a */ = {isa = PBXFileReference; lastKnownFileType = file; path = dowazdah.m4a; sourceTree = "<group>"; };
		0891C32525C8B4B000A002BB /* haft.m4a */ = {isa = PBXFileReference; lastKnownFileType = file; path = haft.m4a; sourceTree = "<group>"; };
		0891C32625C8B4B000A002BB /* hashtad.m4a */ = {isa = PBXFileReference; lastKnownFileType = file; path = hashtad.m4a; sourceTree = "<group>"; };
		0891C32825C8B4B000A002BB /* Shab bakhir.m4a */ = {isa = PBXFileReference; lastKnownFileType = file; path = "Shab bakhir.m4a"; sourceTree = "<group>"; };
		0891C32925C8B4B000A002BB /* Sobh bakhir.m4a */ = {isa = PBXFileReference; lastKnownFileType = file; path = "Sobh bakhir.m4a"; sourceTree = "<group>"; };
		0891C32A25C8B4B000A002BB /* Asalaam alaikum.m4a */ = {isa = PBXFileReference; lastKnownFileType = file; path = "Asalaam alaikum.m4a"; sourceTree = "<group>"; };
		0891C32B25C8B4B000A002BB /* Khob astum.m4a */ = {isa = PBXFileReference; lastKnownFileType = file; path = "Khob astum.m4a"; sourceTree = "<group>"; };
		0891C32C25C8B4B000A002BB /* Tashakor.m4a */ = {isa = PBXFileReference; lastKnownFileType = file; path = Tashakor.m4a; sourceTree = "<group>"; };
		0891C32D25C8B4B000A002BB /* Khuda hafez.m4a */ = {isa = PBXFileReference; lastKnownFileType = file; path = "Khuda hafez.m4a"; sourceTree = "<group>"; };
		0891C32E25C8B4B000A002BB /* Az kaja hasted?.m4a */ = {isa = PBXFileReference; lastKnownFileType = file; path = "Az kaja hasted?.m4a"; sourceTree = "<group>"; };
		0891C32F25C8B4B000A002BB /* Chast bakhir.m4a */ = {isa = PBXFileReference; lastKnownFileType = file; path = "Chast bakhir.m4a"; sourceTree = "<group>"; };
		0891C33025C8B4B000A002BB /* Chetor asten?.m4a */ = {isa = PBXFileReference; lastKnownFileType = file; path = "Chetor asten?.m4a"; sourceTree = "<group>"; };
		0891C33125C8B4B000A002BB /* Nametan cist?.m4a */ = {isa = PBXFileReference; lastKnownFileType = file; path = "Nametan cist?.m4a"; sourceTree = "<group>"; };
		0891C33325C8B4B000A002BB /* laam.m4a */ = {isa = PBXFileReference; lastKnownFileType = file; path = laam.m4a; sourceTree = "<group>"; };
		0891C33425C8B4B000A002BB /* bay.m4a */ = {isa = PBXFileReference; lastKnownFileType = file; path = bay.m4a; sourceTree = "<group>"; };
		0891C33525C8B4B000A002BB /* kaaf.m4a */ = {isa = PBXFileReference; lastKnownFileType = file; path = kaaf.m4a; sourceTree = "<group>"; };
		0891C33625C8B4B000A002BB /* gaaf.m4a */ = {isa = PBXFileReference; lastKnownFileType = file; path = gaaf.m4a; sourceTree = "<group>"; };
		0891C33725C8B4B000A002BB /* noon.m4a */ = {isa = PBXFileReference; lastKnownFileType = file; path = noon.m4a; sourceTree = "<group>"; };
		0891C33825C8B4B000A002BB /* qaaf.m4a */ = {isa = PBXFileReference; lastKnownFileType = file; path = qaaf.m4a; sourceTree = "<group>"; };
		0891C33925C8B4B000A002BB /* chay.m4a */ = {isa = PBXFileReference; lastKnownFileType = file; path = chay.m4a; sourceTree = "<group>"; };
		0891C33A25C8B4B000A002BB /* zaal.m4a */ = {isa = PBXFileReference; lastKnownFileType = file; path = zaal.m4a; sourceTree = "<group>"; };
		0891C33B25C8B4B000A002BB /* meem.m4a */ = {isa = PBXFileReference; lastKnownFileType = file; path = meem.m4a; sourceTree = "<group>"; };
		0891C33C25C8B4B000A002BB /* zay.m4a */ = {isa = PBXFileReference; lastKnownFileType = file; path = zay.m4a; sourceTree = "<group>"; };
		0891C33D25C8B4B000A002BB /* khay.m4a */ = {isa = PBXFileReference; lastKnownFileType = file; path = khay.m4a; sourceTree = "<group>"; };
		0891C33E25C8B4B000A002BB /* fe.m4a */ = {isa = PBXFileReference; lastKnownFileType = file; path = fe.m4a; sourceTree = "<group>"; };
		0891C33F25C8B4B000A002BB /* suwaat.m4a */ = {isa = PBXFileReference; lastKnownFileType = file; path = suwaat.m4a; sourceTree = "<group>"; };
		0891C34025C8B4B000A002BB /* daal.m4a */ = {isa = PBXFileReference; lastKnownFileType = file; path = daal.m4a; sourceTree = "<group>"; };
		0891C34125C8B4B000A002BB /* alef.m4a */ = {isa = PBXFileReference; lastKnownFileType = file; path = alef.m4a; sourceTree = "<group>"; };
		0891C34225C8B4B000A002BB /* toy.m4a */ = {isa = PBXFileReference; lastKnownFileType = file; path = toy.m4a; sourceTree = "<group>"; };
		0891C34325C8B4B000A002BB /* seen.m4a */ = {isa = PBXFileReference; lastKnownFileType = file; path = seen.m4a; sourceTree = "<group>"; };
		0891C34425C8B4B000A002BB /* ray.m4a */ = {isa = PBXFileReference; lastKnownFileType = file; path = ray.m4a; sourceTree = "<group>"; };
		0891C34525C8B4B000A002BB /* hay2.m4a */ = {isa = PBXFileReference; lastKnownFileType = file; path = hay2.m4a; sourceTree = "<group>"; };
		0891C34625C8B4B000A002BB /* thay.m4a */ = {isa = PBXFileReference; lastKnownFileType = file; path = thay.m4a; sourceTree = "<group>"; };
		0891C34725C8B4B000A002BB /* zoy.m4a */ = {isa = PBXFileReference; lastKnownFileType = file; path = zoy.m4a; sourceTree = "<group>"; };
		0891C34825C8B4B000A002BB /* pay.m4a */ = {isa = PBXFileReference; lastKnownFileType = file; path = pay.m4a; sourceTree = "<group>"; };
		0891C34925C8B4B000A002BB /* sheen.m4a */ = {isa = PBXFileReference; lastKnownFileType = file; path = sheen.m4a; sourceTree = "<group>"; };
		0891C34A25C8B4B000A002BB /* tay.m4a */ = {isa = PBXFileReference; lastKnownFileType = file; path = tay.m4a; sourceTree = "<group>"; };
		0891C34B25C8B4B000A002BB /* zhay.m4a */ = {isa = PBXFileReference; lastKnownFileType = file; path = zhay.m4a; sourceTree = "<group>"; };
		0891C34C25C8B4B000A002BB /* ghain.m4a */ = {isa = PBXFileReference; lastKnownFileType = file; path = ghain.m4a; sourceTree = "<group>"; };
		0891C34D25C8B4B000A002BB /* ain.m4a */ = {isa = PBXFileReference; lastKnownFileType = file; path = ain.m4a; sourceTree = "<group>"; };
		0891C34E25C8B4B000A002BB /* hay.m4a */ = {isa = PBXFileReference; lastKnownFileType = file; path = hay.m4a; sourceTree = "<group>"; };
		0891C34F25C8B4B000A002BB /* wow.m4a */ = {isa = PBXFileReference; lastKnownFileType = file; path = wow.m4a; sourceTree = "<group>"; };
		0891C35025C8B4B000A002BB /* yaa.m4a */ = {isa = PBXFileReference; lastKnownFileType = file; path = yaa.m4a; sourceTree = "<group>"; };
		0891C35125C8B4B000A002BB /* jeem.m4a */ = {isa = PBXFileReference; lastKnownFileType = file; path = jeem.m4a; sourceTree = "<group>"; };
		0891C35225C8B4B000A002BB /* zuwaat.m4a */ = {isa = PBXFileReference; lastKnownFileType = file; path = zuwaat.m4a; sourceTree = "<group>"; };
		0891C35425C8B4B000A002BB /* ma.m4a */ = {isa = PBXFileReference; lastKnownFileType = file; path = ma.m4a; sourceTree = "<group>"; };
		0891C35525C8B4B000A002BB /* shuma.m4a */ = {isa = PBXFileReference; lastKnownFileType = file; path = shuma.m4a; sourceTree = "<group>"; };
		0891C35625C8B4B000A002BB /* anha.m4a */ = {isa = PBXFileReference; lastKnownFileType = file; path = anha.m4a; sourceTree = "<group>"; };
		0891C35725C8B4B000A002BB /* man.m4a */ = {isa = PBXFileReference; lastKnownFileType = file; path = man.m4a; sourceTree = "<group>"; };
		0891C35825C8B4B000A002BB /* ao.m4a */ = {isa = PBXFileReference; lastKnownFileType = file; path = ao.m4a; sourceTree = "<group>"; };
		0891C35925C8B4B000A002BB /* to.m4a */ = {isa = PBXFileReference; lastKnownFileType = file; path = to.m4a; sourceTree = "<group>"; };
		0891C35B25C8B4B000A002BB /* juma.m4a */ = {isa = PBXFileReference; lastKnownFileType = file; path = juma.m4a; sourceTree = "<group>"; };
		0891C35C25C8B4B000A002BB /* yakshanbeh.m4a */ = {isa = PBXFileReference; lastKnownFileType = file; path = yakshanbeh.m4a; sourceTree = "<group>"; };
		0891C35D25C8B4B000A002BB /* charshanbeh.m4a */ = {isa = PBXFileReference; lastKnownFileType = file; path = charshanbeh.m4a; sourceTree = "<group>"; };
		0891C35E25C8B4B000A002BB /* doshanbeh.m4a */ = {isa = PBXFileReference; lastKnownFileType = file; path = doshanbeh.m4a; sourceTree = "<group>"; };
		0891C35F25C8B4B000A002BB /* shanbeh.m4a */ = {isa = PBXFileReference; lastKnownFileType = file; path = shanbeh.m4a; sourceTree = "<group>"; };
		0891C36025C8B4B000A002BB /* seshanbeh.m4a */ = {isa = PBXFileReference; lastKnownFileType = file; path = seshanbeh.m4a; sourceTree = "<group>"; };
		0891C36125C8B4B000A002BB /* panjshanbeh.m4a */ = {isa = PBXFileReference; lastKnownFileType = file; path = panjshanbeh.m4a; sourceTree = "<group>"; };
		0891C36225C8B4B000A002BB /* alphabetData.json */ = {isa = PBXFileReference; fileEncoding = 4; lastKnownFileType = text.json; path = alphabetData.json; sourceTree = "<group>"; };
		0891C36325C8B4B000A002BB /* daysData.json */ = {isa = PBXFileReference; fileEncoding = 4; lastKnownFileType = text.json; path = daysData.json; sourceTree = "<group>"; };
		0891C36425C8B4B000A002BB /* greetingsData.json */ = {isa = PBXFileReference; fileEncoding = 4; lastKnownFileType = text.json; path = greetingsData.json; sourceTree = "<group>"; };
		0891C36525C8B4B000A002BB /* pronounsData.json */ = {isa = PBXFileReference; fileEncoding = 4; lastKnownFileType = text.json; path = pronounsData.json; sourceTree = "<group>"; };
		0891C3CB25C8B59100A002BB /* ageData.json */ = {isa = PBXFileReference; fileEncoding = 4; lastKnownFileType = text.json; path = ageData.json; sourceTree = "<group>"; };
		0891C3CE25C8B59900A002BB /* occupationsData.json */ = {isa = PBXFileReference; fileEncoding = 4; lastKnownFileType = text.json; path = occupationsData.json; sourceTree = "<group>"; };
		0891C3D125C8B5EE00A002BB /* nounsData.json */ = {isa = PBXFileReference; fileEncoding = 4; lastKnownFileType = text.json; path = nounsData.json; sourceTree = "<group>"; };
		0891C3D225C8B5EE00A002BB /* tellingtimeData.json */ = {isa = PBXFileReference; fileEncoding = 4; lastKnownFileType = text.json; path = tellingtimeData.json; sourceTree = "<group>"; };
		0891C3D325C8B5EE00A002BB /* verbsData.json */ = {isa = PBXFileReference; fileEncoding = 4; lastKnownFileType = text.json; path = verbsData.json; sourceTree = "<group>"; };
		0891C3D825C8B5F300A002BB /* monthsData.json */ = {isa = PBXFileReference; fileEncoding = 4; lastKnownFileType = text.json; path = monthsData.json; sourceTree = "<group>"; };
		0891C3DB25CA12E800A002BB /* ExpandableSections.swift */ = {isa = PBXFileReference; lastKnownFileType = sourcecode.swift; path = ExpandableSections.swift; sourceTree = "<group>"; };
		0891C3DF25CB2A3F00A002BB /* PracticeViewController.swift */ = {isa = PBXFileReference; lastKnownFileType = sourcecode.swift; path = PracticeViewController.swift; sourceTree = "<group>"; };
		089316A025C3CB7A0027FD2F /* CategoryItem.swift */ = {isa = PBXFileReference; lastKnownFileType = sourcecode.swift; path = CategoryItem.swift; sourceTree = "<group>"; };
		089316A625C3CE120027FD2F /* FlashcardsDataLoader.swift */ = {isa = PBXFileReference; lastKnownFileType = sourcecode.swift; path = FlashcardsDataLoader.swift; sourceTree = "<group>"; };
		089316B125C497430027FD2F /* ViewController.swift */ = {isa = PBXFileReference; lastKnownFileType = sourcecode.swift; path = ViewController.swift; sourceTree = "<group>"; };
		08CA531025B63DFF00E8E778 /* learnDari.app */ = {isa = PBXFileReference; explicitFileType = wrapper.application; includeInIndex = 0; path = learnDari.app; sourceTree = BUILT_PRODUCTS_DIR; };
		08CA531325B63DFF00E8E778 /* AppDelegate.swift */ = {isa = PBXFileReference; lastKnownFileType = sourcecode.swift; path = AppDelegate.swift; sourceTree = "<group>"; };
		08CA531525B63DFF00E8E778 /* SceneDelegate.swift */ = {isa = PBXFileReference; lastKnownFileType = sourcecode.swift; path = SceneDelegate.swift; sourceTree = "<group>"; };
		08CA531A25B63DFF00E8E778 /* Base */ = {isa = PBXFileReference; lastKnownFileType = file.storyboard; name = Base; path = Base.lproj/Main.storyboard; sourceTree = "<group>"; };
		08CA531F25B63E0000E8E778 /* Base */ = {isa = PBXFileReference; lastKnownFileType = file.storyboard; name = Base; path = Base.lproj/LaunchScreen.storyboard; sourceTree = "<group>"; };
		08CA532125B63E0000E8E778 /* Info.plist */ = {isa = PBXFileReference; lastKnownFileType = text.plist.xml; path = Info.plist; sourceTree = "<group>"; };
		08CA534825B644B500E8E778 /* Constants.swift */ = {isa = PBXFileReference; lastKnownFileType = sourcecode.swift; path = Constants.swift; sourceTree = "<group>"; };
		08CA535D25B6792500E8E778 /* LearnViewController.swift */ = {isa = PBXFileReference; lastKnownFileType = sourcecode.swift; path = LearnViewController.swift; sourceTree = "<group>"; };
/* End PBXFileReference section */

/* Begin PBXFrameworksBuildPhase section */
		08CA530D25B63DFF00E8E778 /* Frameworks */ = {
			isa = PBXFrameworksBuildPhase;
			buildActionMask = 2147483647;
			files = (
			);
			runOnlyForDeploymentPostprocessing = 0;
		};
/* End PBXFrameworksBuildPhase section */

/* Begin PBXGroup section */
		0837BAAD25CE5FA4004E9A44 /* Fonts */ = {
			isa = PBXGroup;
			children = (
				0837BAB125CE5FD8004E9A44 /* ProximaNova-Regular.otf */,
				0837BAAE25CE5FC7004E9A44 /* PlayfairDisplay-Italic-VariableFont_wght.ttf */,
				0837BAAF25CE5FC7004E9A44 /* PlayfairDisplay-VariableFont_wght.ttf */,
			);
			path = Fonts;
			sourceTree = "<group>";
		};
		0891C2FC25C8B4B000A002BB /* Data */ = {
			isa = PBXGroup;
			children = (
				0891C3D825C8B5F300A002BB /* monthsData.json */,
				0891C3D125C8B5EE00A002BB /* nounsData.json */,
				0891C3D225C8B5EE00A002BB /* tellingtimeData.json */,
				0891C3D325C8B5EE00A002BB /* verbsData.json */,
				0891C3CE25C8B59900A002BB /* occupationsData.json */,
				0891C3CB25C8B59100A002BB /* ageData.json */,
				0891C2FD25C8B4B000A002BB /* numbersData.json */,
				0891C2FE25C8B4B000A002BB /* flashcardsData.json */,
				0891C36225C8B4B000A002BB /* alphabetData.json */,
				0891C36325C8B4B000A002BB /* daysData.json */,
				0891C36425C8B4B000A002BB /* greetingsData.json */,
				0891C36525C8B4B000A002BB /* pronounsData.json */,
				0891C2FF25C8B4B000A002BB /* Sounds */,
			);
			path = Data;
			sourceTree = "<group>";
		};
		0891C2FF25C8B4B000A002BB /* Sounds */ = {
			isa = PBXGroup;
			children = (
				0891C30025C8B4B000A002BB /* Numbers */,
				0891C32725C8B4B000A002BB /* Greetings */,
				0891C33225C8B4B000A002BB /* Alphabet */,
				0891C35325C8B4B000A002BB /* Pronouns */,
				0891C35A25C8B4B000A002BB /* Days of the Week */,
			);
			path = Sounds;
			sourceTree = "<group>";
		};
		0891C30025C8B4B000A002BB /* Numbers */ = {
			isa = PBXGroup;
			children = (
				0891C30125C8B4B000A002BB /* bist o se.m4a */,
				0891C30225C8B4B000A002BB /* dou.m4a */,
				0891C30325C8B4B000A002BB /* sad.m4a */,
				0891C30425C8B4B000A002BB /* dah.m4a */,
				0891C30525C8B4B000A002BB /* noh.m4a */,
				0891C30625C8B4B000A002BB /* chahar.m4a */,
				0891C30725C8B4B000A002BB /* bist o yak.m4a */,
				0891C30825C8B4B000A002BB /* hashst.m4a */,
				0891C30925C8B4B000A002BB /* panjah.m4a */,
				0891C30A25C8B4B000A002BB /* bist o dou.m4a */,
				0891C30B25C8B4B000A002BB /* shanzdah.m4a */,
				0891C30C25C8B4B000A002BB /* bist o noh.m4a */,
				0891C30D25C8B4B000A002BB /* chehel.m4a */,
				0891C30E25C8B4B000A002BB /* yak.m4a */,
				0891C30F25C8B4B000A002BB /* shash.m4a */,
				0891C31025C8B4B000A002BB /* nozdah.m4a */,
				0891C31125C8B4B000A002BB /* se.m4a */,
				0891C31225C8B4B000A002BB /* sefr.m4a */,
				0891C31325C8B4B000A002BB /* chahardah.m4a */,
				0891C31425C8B4B000A002BB /* bist o shash.m4a */,
				0891C31525C8B4B000A002BB /* sizdah.m4a */,
				0891C31625C8B4B000A002BB /* bist.m4a */,
				0891C31725C8B4B000A002BB /* bist o panj.m4a */,
				0891C31825C8B4B000A002BB /* bist o chahar.m4a */,
				0891C31925C8B4B000A002BB /* shast.m4a */,
				0891C31A25C8B4B000A002BB /* havdah.m4a */,
				0891C31B25C8B4B000A002BB /* panj.m4a */,
				0891C31C25C8B4B000A002BB /* nawad.m4a */,
				0891C31D25C8B4B000A002BB /* haftad.m4a */,
				0891C31E25C8B4B000A002BB /* bist o hasht.m4a */,
				0891C31F25C8B4B000A002BB /* si.m4a */,
				0891C32025C8B4B000A002BB /* bist o haft.m4a */,
				0891C32125C8B4B000A002BB /* hajdah.m4a */,
				0891C32225C8B4B000A002BB /* yazdeh.m4a */,
				0891C32325C8B4B000A002BB /* panzdah.m4a */,
				0891C32425C8B4B000A002BB /* dowazdah.m4a */,
				0891C32525C8B4B000A002BB /* haft.m4a */,
				0891C32625C8B4B000A002BB /* hashtad.m4a */,
			);
			path = Numbers;
			sourceTree = "<group>";
		};
		0891C32725C8B4B000A002BB /* Greetings */ = {
			isa = PBXGroup;
			children = (
				0891C32825C8B4B000A002BB /* Shab bakhir.m4a */,
				0891C32925C8B4B000A002BB /* Sobh bakhir.m4a */,
				0891C32A25C8B4B000A002BB /* Asalaam alaikum.m4a */,
				0891C32B25C8B4B000A002BB /* Khob astum.m4a */,
				0891C32C25C8B4B000A002BB /* Tashakor.m4a */,
				0891C32D25C8B4B000A002BB /* Khuda hafez.m4a */,
				0891C32E25C8B4B000A002BB /* Az kaja hasted?.m4a */,
				0891C32F25C8B4B000A002BB /* Chast bakhir.m4a */,
				0891C33025C8B4B000A002BB /* Chetor asten?.m4a */,
				0891C33125C8B4B000A002BB /* Nametan cist?.m4a */,
			);
			path = Greetings;
			sourceTree = "<group>";
		};
		0891C33225C8B4B000A002BB /* Alphabet */ = {
			isa = PBXGroup;
			children = (
				0891C33325C8B4B000A002BB /* laam.m4a */,
				0891C33425C8B4B000A002BB /* bay.m4a */,
				0891C33525C8B4B000A002BB /* kaaf.m4a */,
				0891C33625C8B4B000A002BB /* gaaf.m4a */,
				0891C33725C8B4B000A002BB /* noon.m4a */,
				0891C33825C8B4B000A002BB /* qaaf.m4a */,
				0891C33925C8B4B000A002BB /* chay.m4a */,
				0891C33A25C8B4B000A002BB /* zaal.m4a */,
				0891C33B25C8B4B000A002BB /* meem.m4a */,
				0891C33C25C8B4B000A002BB /* zay.m4a */,
				0891C33D25C8B4B000A002BB /* khay.m4a */,
				0891C33E25C8B4B000A002BB /* fe.m4a */,
				0891C33F25C8B4B000A002BB /* suwaat.m4a */,
				0891C34025C8B4B000A002BB /* daal.m4a */,
				0891C34125C8B4B000A002BB /* alef.m4a */,
				0891C34225C8B4B000A002BB /* toy.m4a */,
				0891C34325C8B4B000A002BB /* seen.m4a */,
				0891C34425C8B4B000A002BB /* ray.m4a */,
				0891C34525C8B4B000A002BB /* hay2.m4a */,
				0891C34625C8B4B000A002BB /* thay.m4a */,
				0891C34725C8B4B000A002BB /* zoy.m4a */,
				0891C34825C8B4B000A002BB /* pay.m4a */,
				0891C34925C8B4B000A002BB /* sheen.m4a */,
				0891C34A25C8B4B000A002BB /* tay.m4a */,
				0891C34B25C8B4B000A002BB /* zhay.m4a */,
				0891C34C25C8B4B000A002BB /* ghain.m4a */,
				0891C34D25C8B4B000A002BB /* ain.m4a */,
				0891C34E25C8B4B000A002BB /* hay.m4a */,
				0891C34F25C8B4B000A002BB /* wow.m4a */,
				0891C35025C8B4B000A002BB /* yaa.m4a */,
				0891C35125C8B4B000A002BB /* jeem.m4a */,
				0891C35225C8B4B000A002BB /* zuwaat.m4a */,
			);
			path = Alphabet;
			sourceTree = "<group>";
		};
		0891C35325C8B4B000A002BB /* Pronouns */ = {
			isa = PBXGroup;
			children = (
				0891C35425C8B4B000A002BB /* ma.m4a */,
				0891C35525C8B4B000A002BB /* shuma.m4a */,
				0891C35625C8B4B000A002BB /* anha.m4a */,
				0891C35725C8B4B000A002BB /* man.m4a */,
				0891C35825C8B4B000A002BB /* ao.m4a */,
				0891C35925C8B4B000A002BB /* to.m4a */,
			);
			path = Pronouns;
			sourceTree = "<group>";
		};
		0891C35A25C8B4B000A002BB /* Days of the Week */ = {
			isa = PBXGroup;
			children = (
				0891C35B25C8B4B000A002BB /* juma.m4a */,
				0891C35C25C8B4B000A002BB /* yakshanbeh.m4a */,
				0891C35D25C8B4B000A002BB /* charshanbeh.m4a */,
				0891C35E25C8B4B000A002BB /* doshanbeh.m4a */,
				0891C35F25C8B4B000A002BB /* shanbeh.m4a */,
				0891C36025C8B4B000A002BB /* seshanbeh.m4a */,
				0891C36125C8B4B000A002BB /* panjshanbeh.m4a */,
			);
			path = "Days of the Week";
			sourceTree = "<group>";
		};
		08CA530725B63DFF00E8E778 = {
			isa = PBXGroup;
			children = (
				08CA531225B63DFF00E8E778 /* learnDari */,
				08CA531125B63DFF00E8E778 /* Products */,
			);
			sourceTree = "<group>";
		};
		08CA531125B63DFF00E8E778 /* Products */ = {
			isa = PBXGroup;
			children = (
				08CA531025B63DFF00E8E778 /* learnDari.app */,
			);
			name = Products;
			sourceTree = "<group>";
		};
		08CA531225B63DFF00E8E778 /* learnDari */ = {
			isa = PBXGroup;
			children = (
				08CA531325B63DFF00E8E778 /* AppDelegate.swift */,
				08CA531525B63DFF00E8E778 /* SceneDelegate.swift */,
				08CA532825B63E0E00E8E778 /* Model */,
				08CA532925B63E2100E8E778 /* View */,
				08CA532A25B63E2600E8E778 /* Controller */,
				0891C2FC25C8B4B000A002BB /* Data */,
				0837BAD125CE96A3004E9A44 /* Assets.xcassets */,
				08CA531E25B63E0000E8E778 /* LaunchScreen.storyboard */,
				089316A625C3CE120027FD2F /* FlashcardsDataLoader.swift */,
				0820DA4325BCFFD6006758BE /* DataLoader.swift */,
				08CA534825B644B500E8E778 /* Constants.swift */,
				08CA532125B63E0000E8E778 /* Info.plist */,
				0837BAAD25CE5FA4004E9A44 /* Fonts */,
			);
			path = learnDari;
			sourceTree = "<group>";
		};
		08CA532825B63E0E00E8E778 /* Model */ = {
			isa = PBXGroup;
			children = (
				0820DA1B25BAB169006758BE /* RowItem.swift */,
				0891C3DB25CA12E800A002BB /* ExpandableSections.swift */,
				089316A025C3CB7A0027FD2F /* CategoryItem.swift */,
			);
			path = Model;
			sourceTree = "<group>";
		};
		08CA532925B63E2100E8E778 /* View */ = {
			isa = PBXGroup;
			children = (
				08CA531925B63DFF00E8E778 /* Main.storyboard */,
				08777E0A25BF71B100E2725B /* DataTableViewCell.swift */,
				08777E0B25BF71B100E2725B /* DataTableViewCell.xib */,
				0837BAC525CE77E1004E9A44 /* LearnTableViewCell.swift */,
				0837BAC625CE77E1004E9A44 /* LearnTableViewCell.xib */,
				0837BACA25CE7BA9004E9A44 /* CategoryCollectionViewCell.swift */,
				0837BACB25CE7BA9004E9A44 /* CategoryCollectionViewCell.xib */,
			);
			path = View;
			sourceTree = "<group>";
		};
		08CA532A25B63E2600E8E778 /* Controller */ = {
			isa = PBXGroup;
			children = (
				08CA535D25B6792500E8E778 /* LearnViewController.swift */,
				08777E0625BF5E3900E2725B /* DictionaryViewController.swift */,
				0891C3DF25CB2A3F00A002BB /* PracticeViewController.swift */,
				0837BAD425CFD13B004E9A44 /* FlashcardsViewController.swift */,
				089316B125C497430027FD2F /* ViewController.swift */,
				0837BABB25CE627A004E9A44 /* InfoViewController.swift */,
			);
			path = Controller;
			sourceTree = "<group>";
		};
/* End PBXGroup section */

/* Begin PBXNativeTarget section */
		08CA530F25B63DFF00E8E778 /* learnDari */ = {
			isa = PBXNativeTarget;
			buildConfigurationList = 08CA532425B63E0000E8E778 /* Build configuration list for PBXNativeTarget "learnDari" */;
			buildPhases = (
				08CA530C25B63DFF00E8E778 /* Sources */,
				08CA530D25B63DFF00E8E778 /* Frameworks */,
				08CA530E25B63DFF00E8E778 /* Resources */,
			);
			buildRules = (
			);
			dependencies = (
			);
			name = learnDari;
			productName = learnDari;
			productReference = 08CA531025B63DFF00E8E778 /* learnDari.app */;
			productType = "com.apple.product-type.application";
		};
/* End PBXNativeTarget section */

/* Begin PBXProject section */
		08CA530825B63DFF00E8E778 /* Project object */ = {
			isa = PBXProject;
			attributes = {
				LastSwiftUpdateCheck = 1230;
				LastUpgradeCheck = 1230;
				TargetAttributes = {
					08CA530F25B63DFF00E8E778 = {
						CreatedOnToolsVersion = 12.3;
					};
				};
			};
			buildConfigurationList = 08CA530B25B63DFF00E8E778 /* Build configuration list for PBXProject "learnDari" */;
			compatibilityVersion = "Xcode 9.3";
			developmentRegion = en;
			hasScannedForEncodings = 0;
			knownRegions = (
				en,
				Base,
			);
			mainGroup = 08CA530725B63DFF00E8E778;
			productRefGroup = 08CA531125B63DFF00E8E778 /* Products */;
			projectDirPath = "";
			projectRoot = "";
			targets = (
				08CA530F25B63DFF00E8E778 /* learnDari */,
			);
		};
/* End PBXProject section */

/* Begin PBXResourcesBuildPhase section */
		08CA530E25B63DFF00E8E778 /* Resources */ = {
			isa = PBXResourcesBuildPhase;
			buildActionMask = 2147483647;
			files = (
				0891C3B425C8B4B100A002BB /* wow.m4a in Resources */,
				0891C37825C8B4B000A002BB /* se.m4a in Resources */,
				0891C38C25C8B4B000A002BB /* haft.m4a in Resources */,
				0891C3BF25C8B4B100A002BB /* yakshanbeh.m4a in Resources */,
				0891C38F25C8B4B000A002BB /* Sobh bakhir.m4a in Resources */,
				0891C3D625C8B5EE00A002BB /* verbsData.json in Resources */,
				0891C38225C8B4B000A002BB /* panj.m4a in Resources */,
				0891C3CF25C8B59900A002BB /* occupationsData.json in Resources */,
				0891C39C25C8B4B100A002BB /* noon.m4a in Resources */,
				0891C37925C8B4B000A002BB /* sefr.m4a in Resources */,
				0891C39725C8B4B000A002BB /* Nametan cist?.m4a in Resources */,
				0891C37025C8B4B000A002BB /* panjah.m4a in Resources */,
				0891C3B125C8B4B100A002BB /* ghain.m4a in Resources */,
				0891C37C25C8B4B000A002BB /* sizdah.m4a in Resources */,
				0891C3D425C8B5EE00A002BB /* nounsData.json in Resources */,
				0891C3A925C8B4B100A002BB /* ray.m4a in Resources */,
				0891C3BC25C8B4B100A002BB /* ao.m4a in Resources */,
				0891C39925C8B4B000A002BB /* bay.m4a in Resources */,
				0891C3C825C8B4B100A002BB /* pronounsData.json in Resources */,
				0891C3B725C8B4B100A002BB /* zuwaat.m4a in Resources */,
				0891C39D25C8B4B100A002BB /* qaaf.m4a in Resources */,
				0891C3AE25C8B4B100A002BB /* sheen.m4a in Resources */,
				0837BAD225CE96A3004E9A44 /* Assets.xcassets in Resources */,
				0891C39425C8B4B000A002BB /* Az kaja hasted?.m4a in Resources */,
				0837BAC825CE77E1004E9A44 /* LearnTableViewCell.xib in Resources */,
				0891C37225C8B4B000A002BB /* shanzdah.m4a in Resources */,
				0891C3B625C8B4B100A002BB /* jeem.m4a in Resources */,
				0891C3B925C8B4B100A002BB /* shuma.m4a in Resources */,
				0891C3B525C8B4B100A002BB /* yaa.m4a in Resources */,
				0891C3C625C8B4B100A002BB /* daysData.json in Resources */,
				0891C37525C8B4B000A002BB /* yak.m4a in Resources */,
				0891C38A25C8B4B000A002BB /* panzdah.m4a in Resources */,
				08CA532025B63E0000E8E778 /* LaunchScreen.storyboard in Resources */,
				0891C3A525C8B4B100A002BB /* daal.m4a in Resources */,
				0891C3C125C8B4B100A002BB /* doshanbeh.m4a in Resources */,
				0891C39F25C8B4B100A002BB /* zaal.m4a in Resources */,
				0891C38625C8B4B000A002BB /* si.m4a in Resources */,
				0891C37E25C8B4B000A002BB /* bist o panj.m4a in Resources */,
				0891C3AF25C8B4B100A002BB /* tay.m4a in Resources */,
				0891C3B825C8B4B100A002BB /* ma.m4a in Resources */,
				0891C39625C8B4B000A002BB /* Chetor asten?.m4a in Resources */,
				0891C3A125C8B4B100A002BB /* zay.m4a in Resources */,
				0891C38025C8B4B000A002BB /* shast.m4a in Resources */,
				0837BACD25CE7BA9004E9A44 /* CategoryCollectionViewCell.xib in Resources */,
				0891C37725C8B4B000A002BB /* nozdah.m4a in Resources */,
				0891C3BE25C8B4B100A002BB /* juma.m4a in Resources */,
				0891C3A225C8B4B100A002BB /* khay.m4a in Resources */,
				0837BAB625CE6002004E9A44 /* ProximaNova-Regular.otf in Resources */,
				0891C3C425C8B4B100A002BB /* panjshanbeh.m4a in Resources */,
				0891C37F25C8B4B000A002BB /* bist o chahar.m4a in Resources */,
				0891C39525C8B4B000A002BB /* Chast bakhir.m4a in Resources */,
				0891C37125C8B4B000A002BB /* bist o dou.m4a in Resources */,
				0891C37325C8B4B000A002BB /* bist o noh.m4a in Resources */,
				0891C39125C8B4B000A002BB /* Khob astum.m4a in Resources */,
				0891C3A425C8B4B100A002BB /* suwaat.m4a in Resources */,
				0891C3A325C8B4B100A002BB /* fe.m4a in Resources */,
				0891C3BA25C8B4B100A002BB /* anha.m4a in Resources */,
				0891C36F25C8B4B000A002BB /* hashst.m4a in Resources */,
				0891C3B325C8B4B100A002BB /* hay.m4a in Resources */,
				0891C3A725C8B4B100A002BB /* toy.m4a in Resources */,
				0891C3D925C8B5F300A002BB /* monthsData.json in Resources */,
				0891C39E25C8B4B100A002BB /* chay.m4a in Resources */,
				0891C3CC25C8B59100A002BB /* ageData.json in Resources */,
				0891C3BD25C8B4B100A002BB /* to.m4a in Resources */,
				0891C38825C8B4B000A002BB /* hajdah.m4a in Resources */,
				0891C36A25C8B4B000A002BB /* sad.m4a in Resources */,
				0891C37A25C8B4B000A002BB /* chahardah.m4a in Resources */,
				0891C3AD25C8B4B100A002BB /* pay.m4a in Resources */,
				0891C36E25C8B4B000A002BB /* bist o yak.m4a in Resources */,
				0891C3D525C8B5EE00A002BB /* tellingtimeData.json in Resources */,
				0891C38925C8B4B000A002BB /* yazdeh.m4a in Resources */,
				0837BAB425CE6000004E9A44 /* PlayfairDisplay-VariableFont_wght.ttf in Resources */,
				0891C3C525C8B4B100A002BB /* alphabetData.json in Resources */,
				0891C3AA25C8B4B100A002BB /* hay2.m4a in Resources */,
				0891C3C325C8B4B100A002BB /* seshanbeh.m4a in Resources */,
				0891C36D25C8B4B000A002BB /* chahar.m4a in Resources */,
				0891C36925C8B4B000A002BB /* dou.m4a in Resources */,
				0891C38D25C8B4B000A002BB /* hashtad.m4a in Resources */,
				0891C38325C8B4B000A002BB /* nawad.m4a in Resources */,
				0891C38725C8B4B000A002BB /* bist o haft.m4a in Resources */,
				0891C38525C8B4B000A002BB /* bist o hasht.m4a in Resources */,
				0891C3AC25C8B4B100A002BB /* zoy.m4a in Resources */,
				0891C37B25C8B4B000A002BB /* bist o shash.m4a in Resources */,
				0891C36725C8B4B000A002BB /* flashcardsData.json in Resources */,
				0837BAB225CE5FFE004E9A44 /* PlayfairDisplay-Italic-VariableFont_wght.ttf in Resources */,
				0891C3AB25C8B4B100A002BB /* thay.m4a in Resources */,
				08777E0D25BF71B100E2725B /* DataTableViewCell.xib in Resources */,
				0891C3C025C8B4B100A002BB /* charshanbeh.m4a in Resources */,
				0891C37625C8B4B000A002BB /* shash.m4a in Resources */,
				0891C39A25C8B4B000A002BB /* kaaf.m4a in Resources */,
				0891C38425C8B4B000A002BB /* haftad.m4a in Resources */,
				0891C3B225C8B4B100A002BB /* ain.m4a in Resources */,
				0891C37425C8B4B000A002BB /* chehel.m4a in Resources */,
				0891C3C725C8B4B100A002BB /* greetingsData.json in Resources */,
				0891C38125C8B4B000A002BB /* havdah.m4a in Resources */,
				0891C3C225C8B4B100A002BB /* shanbeh.m4a in Resources */,
				0891C38B25C8B4B000A002BB /* dowazdah.m4a in Resources */,
				0891C3A025C8B4B100A002BB /* meem.m4a in Resources */,
				0891C36C25C8B4B000A002BB /* noh.m4a in Resources */,
				0891C39B25C8B4B000A002BB /* gaaf.m4a in Resources */,
				0891C3BB25C8B4B100A002BB /* man.m4a in Resources */,
				0891C37D25C8B4B000A002BB /* bist.m4a in Resources */,
				0891C3B025C8B4B100A002BB /* zhay.m4a in Resources */,
				0891C39225C8B4B000A002BB /* Tashakor.m4a in Resources */,
				0891C36625C8B4B000A002BB /* numbersData.json in Resources */,
				0891C3A625C8B4B100A002BB /* alef.m4a in Resources */,
				0891C36825C8B4B000A002BB /* bist o se.m4a in Resources */,
				0891C3A825C8B4B100A002BB /* seen.m4a in Resources */,
				0891C39325C8B4B000A002BB /* Khuda hafez.m4a in Resources */,
				0891C36B25C8B4B000A002BB /* dah.m4a in Resources */,
				0891C38E25C8B4B000A002BB /* Shab bakhir.m4a in Resources */,
				0891C39825C8B4B000A002BB /* laam.m4a in Resources */,
				08CA531B25B63DFF00E8E778 /* Main.storyboard in Resources */,
				0891C39025C8B4B000A002BB /* Asalaam alaikum.m4a in Resources */,
			);
			runOnlyForDeploymentPostprocessing = 0;
		};
/* End PBXResourcesBuildPhase section */

/* Begin PBXSourcesBuildPhase section */
		08CA530C25B63DFF00E8E778 /* Sources */ = {
			isa = PBXSourcesBuildPhase;
			buildActionMask = 2147483647;
			files = (
				0837BACC25CE7BA9004E9A44 /* CategoryCollectionViewCell.swift in Sources */,
				08CA531425B63DFF00E8E778 /* AppDelegate.swift in Sources */,
				08CA535E25B6792500E8E778 /* LearnViewController.swift in Sources */,
				0891C3E025CB2A3F00A002BB /* PracticeViewController.swift in Sources */,
				0837BAD525CFD13B004E9A44 /* FlashcardsViewController.swift in Sources */,
				08777E0725BF5E3900E2725B /* DictionaryViewController.swift in Sources */,
				08CA531625B63DFF00E8E778 /* SceneDelegate.swift in Sources */,
				08CA534925B644B500E8E778 /* Constants.swift in Sources */,
				0820DA4425BCFFD6006758BE /* DataLoader.swift in Sources */,
				0837BABC25CE627A004E9A44 /* InfoViewController.swift in Sources */,
				08777E0C25BF71B100E2725B /* DataTableViewCell.swift in Sources */,
				0837BAC725CE77E1004E9A44 /* LearnTableViewCell.swift in Sources */,
				089316B225C497430027FD2F /* ViewController.swift in Sources */,
				089316A725C3CE120027FD2F /* FlashcardsDataLoader.swift in Sources */,
				089316A125C3CB7A0027FD2F /* CategoryItem.swift in Sources */,
				0820DA1C25BAB169006758BE /* RowItem.swift in Sources */,
				0891C3DC25CA12E800A002BB /* ExpandableSections.swift in Sources */,
			);
			runOnlyForDeploymentPostprocessing = 0;
		};
/* End PBXSourcesBuildPhase section */

/* Begin PBXVariantGroup section */
		08CA531925B63DFF00E8E778 /* Main.storyboard */ = {
			isa = PBXVariantGroup;
			children = (
				08CA531A25B63DFF00E8E778 /* Base */,
			);
			name = Main.storyboard;
			sourceTree = "<group>";
		};
		08CA531E25B63E0000E8E778 /* LaunchScreen.storyboard */ = {
			isa = PBXVariantGroup;
			children = (
				08CA531F25B63E0000E8E778 /* Base */,
			);
			name = LaunchScreen.storyboard;
			sourceTree = "<group>";
		};
/* End PBXVariantGroup section */

/* Begin XCBuildConfiguration section */
		08CA532225B63E0000E8E778 /* Debug */ = {
			isa = XCBuildConfiguration;
			buildSettings = {
				ALWAYS_SEARCH_USER_PATHS = NO;
				CLANG_ANALYZER_NONNULL = YES;
				CLANG_ANALYZER_NUMBER_OBJECT_CONVERSION = YES_AGGRESSIVE;
				CLANG_CXX_LANGUAGE_STANDARD = "gnu++14";
				CLANG_CXX_LIBRARY = "libc++";
				CLANG_ENABLE_MODULES = YES;
				CLANG_ENABLE_OBJC_ARC = YES;
				CLANG_ENABLE_OBJC_WEAK = YES;
				CLANG_WARN_BLOCK_CAPTURE_AUTORELEASING = YES;
				CLANG_WARN_BOOL_CONVERSION = YES;
				CLANG_WARN_COMMA = YES;
				CLANG_WARN_CONSTANT_CONVERSION = YES;
				CLANG_WARN_DEPRECATED_OBJC_IMPLEMENTATIONS = YES;
				CLANG_WARN_DIRECT_OBJC_ISA_USAGE = YES_ERROR;
				CLANG_WARN_DOCUMENTATION_COMMENTS = YES;
				CLANG_WARN_EMPTY_BODY = YES;
				CLANG_WARN_ENUM_CONVERSION = YES;
				CLANG_WARN_INFINITE_RECURSION = YES;
				CLANG_WARN_INT_CONVERSION = YES;
				CLANG_WARN_NON_LITERAL_NULL_CONVERSION = YES;
				CLANG_WARN_OBJC_IMPLICIT_RETAIN_SELF = YES;
				CLANG_WARN_OBJC_LITERAL_CONVERSION = YES;
				CLANG_WARN_OBJC_ROOT_CLASS = YES_ERROR;
				CLANG_WARN_QUOTED_INCLUDE_IN_FRAMEWORK_HEADER = YES;
				CLANG_WARN_RANGE_LOOP_ANALYSIS = YES;
				CLANG_WARN_STRICT_PROTOTYPES = YES;
				CLANG_WARN_SUSPICIOUS_MOVE = YES;
				CLANG_WARN_UNGUARDED_AVAILABILITY = YES_AGGRESSIVE;
				CLANG_WARN_UNREACHABLE_CODE = YES;
				CLANG_WARN__DUPLICATE_METHOD_MATCH = YES;
				COPY_PHASE_STRIP = NO;
				DEBUG_INFORMATION_FORMAT = dwarf;
				ENABLE_STRICT_OBJC_MSGSEND = YES;
				ENABLE_TESTABILITY = YES;
				GCC_C_LANGUAGE_STANDARD = gnu11;
				GCC_DYNAMIC_NO_PIC = NO;
				GCC_NO_COMMON_BLOCKS = YES;
				GCC_OPTIMIZATION_LEVEL = 0;
				GCC_PREPROCESSOR_DEFINITIONS = (
					"DEBUG=1",
					"$(inherited)",
				);
				GCC_WARN_64_TO_32_BIT_CONVERSION = YES;
				GCC_WARN_ABOUT_RETURN_TYPE = YES_ERROR;
				GCC_WARN_UNDECLARED_SELECTOR = YES;
				GCC_WARN_UNINITIALIZED_AUTOS = YES_AGGRESSIVE;
				GCC_WARN_UNUSED_FUNCTION = YES;
				GCC_WARN_UNUSED_VARIABLE = YES;
				IPHONEOS_DEPLOYMENT_TARGET = 14.3;
				MTL_ENABLE_DEBUG_INFO = INCLUDE_SOURCE;
				MTL_FAST_MATH = YES;
				ONLY_ACTIVE_ARCH = YES;
				SDKROOT = iphoneos;
				SWIFT_ACTIVE_COMPILATION_CONDITIONS = DEBUG;
				SWIFT_OPTIMIZATION_LEVEL = "-Onone";
			};
			name = Debug;
		};
		08CA532325B63E0000E8E778 /* Release */ = {
			isa = XCBuildConfiguration;
			buildSettings = {
				ALWAYS_SEARCH_USER_PATHS = NO;
				CLANG_ANALYZER_NONNULL = YES;
				CLANG_ANALYZER_NUMBER_OBJECT_CONVERSION = YES_AGGRESSIVE;
				CLANG_CXX_LANGUAGE_STANDARD = "gnu++14";
				CLANG_CXX_LIBRARY = "libc++";
				CLANG_ENABLE_MODULES = YES;
				CLANG_ENABLE_OBJC_ARC = YES;
				CLANG_ENABLE_OBJC_WEAK = YES;
				CLANG_WARN_BLOCK_CAPTURE_AUTORELEASING = YES;
				CLANG_WARN_BOOL_CONVERSION = YES;
				CLANG_WARN_COMMA = YES;
				CLANG_WARN_CONSTANT_CONVERSION = YES;
				CLANG_WARN_DEPRECATED_OBJC_IMPLEMENTATIONS = YES;
				CLANG_WARN_DIRECT_OBJC_ISA_USAGE = YES_ERROR;
				CLANG_WARN_DOCUMENTATION_COMMENTS = YES;
				CLANG_WARN_EMPTY_BODY = YES;
				CLANG_WARN_ENUM_CONVERSION = YES;
				CLANG_WARN_INFINITE_RECURSION = YES;
				CLANG_WARN_INT_CONVERSION = YES;
				CLANG_WARN_NON_LITERAL_NULL_CONVERSION = YES;
				CLANG_WARN_OBJC_IMPLICIT_RETAIN_SELF = YES;
				CLANG_WARN_OBJC_LITERAL_CONVERSION = YES;
				CLANG_WARN_OBJC_ROOT_CLASS = YES_ERROR;
				CLANG_WARN_QUOTED_INCLUDE_IN_FRAMEWORK_HEADER = YES;
				CLANG_WARN_RANGE_LOOP_ANALYSIS = YES;
				CLANG_WARN_STRICT_PROTOTYPES = YES;
				CLANG_WARN_SUSPICIOUS_MOVE = YES;
				CLANG_WARN_UNGUARDED_AVAILABILITY = YES_AGGRESSIVE;
				CLANG_WARN_UNREACHABLE_CODE = YES;
				CLANG_WARN__DUPLICATE_METHOD_MATCH = YES;
				COPY_PHASE_STRIP = NO;
				DEBUG_INFORMATION_FORMAT = "dwarf-with-dsym";
				ENABLE_NS_ASSERTIONS = NO;
				ENABLE_STRICT_OBJC_MSGSEND = YES;
				GCC_C_LANGUAGE_STANDARD = gnu11;
				GCC_NO_COMMON_BLOCKS = YES;
				GCC_WARN_64_TO_32_BIT_CONVERSION = YES;
				GCC_WARN_ABOUT_RETURN_TYPE = YES_ERROR;
				GCC_WARN_UNDECLARED_SELECTOR = YES;
				GCC_WARN_UNINITIALIZED_AUTOS = YES_AGGRESSIVE;
				GCC_WARN_UNUSED_FUNCTION = YES;
				GCC_WARN_UNUSED_VARIABLE = YES;
				IPHONEOS_DEPLOYMENT_TARGET = 14.3;
				MTL_ENABLE_DEBUG_INFO = NO;
				MTL_FAST_MATH = YES;
				SDKROOT = iphoneos;
				SWIFT_COMPILATION_MODE = wholemodule;
				SWIFT_OPTIMIZATION_LEVEL = "-O";
				VALIDATE_PRODUCT = YES;
			};
			name = Release;
		};
		08CA532525B63E0000E8E778 /* Debug */ = {
			isa = XCBuildConfiguration;
			buildSettings = {
				ASSETCATALOG_COMPILER_APPICON_NAME = AppIcon;
				ASSETCATALOG_COMPILER_GLOBAL_ACCENT_COLOR_NAME = AccentColor;
				CODE_SIGN_STYLE = Automatic;
				DEVELOPMENT_TEAM = 2LRCYD6X5S;
				INFOPLIST_FILE = learnDari/Info.plist;
				LD_RUNPATH_SEARCH_PATHS = (
					"$(inherited)",
					"@executable_path/Frameworks",
				);
				PRODUCT_BUNDLE_IDENTIFIER = com.hosnaqasmei.learnDari;
				PRODUCT_NAME = "$(TARGET_NAME)";
				SWIFT_VERSION = 5.0;
				TARGETED_DEVICE_FAMILY = "1,2";
			};
			name = Debug;
		};
		08CA532625B63E0000E8E778 /* Release */ = {
			isa = XCBuildConfiguration;
			buildSettings = {
				ASSETCATALOG_COMPILER_APPICON_NAME = AppIcon;
				ASSETCATALOG_COMPILER_GLOBAL_ACCENT_COLOR_NAME = AccentColor;
				CODE_SIGN_STYLE = Automatic;
				DEVELOPMENT_TEAM = 2LRCYD6X5S;
				INFOPLIST_FILE = learnDari/Info.plist;
				LD_RUNPATH_SEARCH_PATHS = (
					"$(inherited)",
					"@executable_path/Frameworks",
				);
				PRODUCT_BUNDLE_IDENTIFIER = com.hosnaqasmei.learnDari;
				PRODUCT_NAME = "$(TARGET_NAME)";
				SWIFT_VERSION = 5.0;
				TARGETED_DEVICE_FAMILY = "1,2";
			};
			name = Release;
		};
/* End XCBuildConfiguration section */

/* Begin XCConfigurationList section */
		08CA530B25B63DFF00E8E778 /* Build configuration list for PBXProject "learnDari" */ = {
			isa = XCConfigurationList;
			buildConfigurations = (
				08CA532225B63E0000E8E778 /* Debug */,
				08CA532325B63E0000E8E778 /* Release */,
			);
			defaultConfigurationIsVisible = 0;
			defaultConfigurationName = Release;
		};
		08CA532425B63E0000E8E778 /* Build configuration list for PBXNativeTarget "learnDari" */ = {
			isa = XCConfigurationList;
			buildConfigurations = (
				08CA532525B63E0000E8E778 /* Debug */,
				08CA532625B63E0000E8E778 /* Release */,
			);
			defaultConfigurationIsVisible = 0;
			defaultConfigurationName = Release;
		};
/* End XCConfigurationList section */
	};
	rootObject = 08CA530825B63DFF00E8E778 /* Project object */;
}
